
Microsoft Visual Studio Solution File, Format Version 12.00
# Visual Studio Version 17
VisualStudioVersion = 17.12.35728.132
MinimumVisualStudioVersion = 10.0.40219.1
Project("{FAE04EC0-301F-11D3-BF4B-00C04F79EFBC}") = "SpendingAndSavingsMonthlyTracker", "SpendingAndSavingsMonthlyTracker\SpendingAndSavingsMonthlyTracker.csproj", "{0B115991-5451-4BCF-8D44-8BE443403281}"
EndProject
Project("{FAE04EC0-301F-11D3-BF4B-00C04F79EFBC}") = "CommonClasses", "CommonClasses\CommonClasses.csproj", "{847AEC4C-5A87-4601-A6D1-37458DE6E313}"
EndProject
Project("{FAE04EC0-301F-11D3-BF4B-00C04F79EFBC}") = "SavingsInitialiser", "SavingsInitialiser\SavingsInitialiser.csproj", "{7125375C-40D2-41B6-8438-858C2CB17EE5}"
EndProject
Project("{FAE04EC0-301F-11D3-BF4B-00C04F79EFBC}") = "SpendingAndSavingsMonthlyTrackerTests", "SpendingAndSavingsMonthlyTrackerTests\SpendingAndSavingsMonthlyTrackerTests.csproj", "{AE1C7275-2DF8-4317-8675-B7E5A614A1E0}"
EndProject
Global
	GlobalSection(SolutionConfigurationPlatforms) = preSolution
		Debug|Any CPU = Debug|Any CPU
		Release|Any CPU = Release|Any CPU
	EndGlobalSection
	GlobalSection(ProjectConfigurationPlatforms) = postSolution
		{0B115991-5451-4BCF-8D44-8BE443403281}.Debug|Any CPU.ActiveCfg = Debug|Any CPU
		{0B115991-5451-4BCF-8D44-8BE443403281}.Debug|Any CPU.Build.0 = Debug|Any CPU
		{0B115991-5451-4BCF-8D44-8BE443403281}.Release|Any CPU.ActiveCfg = Release|Any CPU
		{0B115991-5451-4BCF-8D44-8BE443403281}.Release|Any CPU.Build.0 = Release|Any CPU
		{847AEC4C-5A87-4601-A6D1-37458DE6E313}.Debug|Any CPU.ActiveCfg = Debug|Any CPU
		{847AEC4C-5A87-4601-A6D1-37458DE6E313}.Debug|Any CPU.Build.0 = Debug|Any CPU
		{847AEC4C-5A87-4601-A6D1-37458DE6E313}.Release|Any CPU.ActiveCfg = Release|Any CPU
		{847AEC4C-5A87-4601-A6D1-37458DE6E313}.Release|Any CPU.Build.0 = Release|Any CPU
		{7125375C-40D2-41B6-8438-858C2CB17EE5}.Debug|Any CPU.ActiveCfg = Debug|Any CPU
		{7125375C-40D2-41B6-8438-858C2CB17EE5}.Debug|Any CPU.Build.0 = Debug|Any CPU
		{7125375C-40D2-41B6-8438-858C2CB17EE5}.Release|Any CPU.ActiveCfg = Release|Any CPU
		{7125375C-40D2-41B6-8438-858C2CB17EE5}.Release|Any CPU.Build.0 = Release|Any CPU
		{AE1C7275-2DF8-4317-8675-B7E5A614A1E0}.Debug|Any CPU.ActiveCfg = Debug|Any CPU
		{AE1C7275-2DF8-4317-8675-B7E5A614A1E0}.Debug|Any CPU.Build.0 = Debug|Any CPU
		{AE1C7275-2DF8-4317-8675-B7E5A614A1E0}.Release|Any CPU.ActiveCfg = Release|Any CPU
		{AE1C7275-2DF8-4317-8675-B7E5A614A1E0}.Release|Any CPU.Build.0 = Release|Any CPU
	EndGlobalSection
	GlobalSection(SolutionProperties) = preSolution
		HideSolutionNode = FALSE
	EndGlobalSection
EndGlobal
